schema: '2.0'
stages:
  download_data:
    cmd: python ./refactoring/descargarDatadeZipACSV.py
    deps:
    - path: refactoring/descargarDatadeZipACSV.py
      hash: md5
      md5: a0fa6469eac8100d409bd2370e94e2d0
      size: 1886
    - path: refactoring/loadParams.py
      hash: md5
      md5: c0f9fb2695ac03e485f65a90c02cf622
      size: 425
    outs:
    - path: data/download//cirrhosis.csv
      hash: md5
      md5: 230a3916291af39603e89042463349ef
      size: 31860
  load_Data:
    cmd: python ./refactoring/cargarData.py
    deps:
    - path: ./refactoring/EDA.py
      hash: md5
      md5: d85834c2c88b76a46569834b61749012
      size: 4622
    - path: ./refactoring/cargarData.py
      hash: md5
      md5: c84cd9a7905ca7e7562f9ab3237bfc7f
      size: 1347
    - path: ./refactoring/loadParams.py
      hash: md5
      md5: c0f9fb2695ac03e485f65a90c02cf622
      size: 425
    - path: data/download//cirrhosis.csv
      hash: md5
      md5: 230a3916291af39603e89042463349ef
      size: 32279
    outs:
    - path: data/base//cirrhosis.csv
      hash: md5
      md5: 3c8f5d7d2d2d9c2b9c258b500705e11c
      size: 34561
  split_Data:
    cmd: python ./refactoring/splitData.py
    deps:
    - path: ./refactoring/EDA.py
      hash: md5
      md5: d85834c2c88b76a46569834b61749012
      size: 4622
    - path: ./refactoring/splitData.py
      hash: md5
      md5: eb1de7ec03fb19132e0cd19418a8af30
      size: 3251
    - path: data/base//cirrhosis.csv
      hash: md5
      md5: 3c8f5d7d2d2d9c2b9c258b500705e11c
      size: 34561
    - path: refactoring/loadParams.py
      hash: md5
      md5: c0f9fb2695ac03e485f65a90c02cf622
      size: 425
    outs:
    - path: data/base//X_test.csv
      hash: md5
      md5: eef6c7dbcab88cdd047988bdc34db171
      size: 4708
    - path: data/base//X_train.csv
      hash: md5
      md5: cf5d318a0fa40376a7c653e34e809c52
      size: 22824
    - path: data/base//X_val.csv
      hash: md5
      md5: fdfdd17fca7cd7544a3b769926ab21a1
      size: 4892
    - path: data/base//y_test.csv
      hash: md5
      md5: cbc9105a997a0c187974c751aee6261f
      size: 201
    - path: data/base//y_train.csv
      hash: md5
      md5: b41d85a8b547202555d4f30f8fa4152c
      size: 901
    - path: data/base//y_val.csv
      hash: md5
      md5: 575edc265d8f0c7cfe9f7fc2c2d8582c
      size: 201
  pre_process:
    cmd: python ./refactoring/preprocess.py
    deps:
    - path: ./refactoring/preprocess.py
      hash: md5
      md5: b5cfcb3c4bc5f05403d5a3f4213cf6c4
      size: 5948
    - path: data/base/X_test.csv
      hash: md5
      md5: eef6c7dbcab88cdd047988bdc34db171
      size: 4708
    - path: data/base/X_train.csv
      hash: md5
      md5: cf5d318a0fa40376a7c653e34e809c52
      size: 22824
    - path: data/base/X_val.csv
      hash: md5
      md5: fdfdd17fca7cd7544a3b769926ab21a1
      size: 4892
    - path: data/base/y_test.csv
      hash: md5
      md5: cbc9105a997a0c187974c751aee6261f
      size: 201
    - path: data/base/y_train.csv
      hash: md5
      md5: b41d85a8b547202555d4f30f8fa4152c
      size: 901
    - path: data/base/y_val.csv
      hash: md5
      md5: 575edc265d8f0c7cfe9f7fc2c2d8582c
      size: 201
    - path: refactoring/loadParams.py
      hash: md5
      md5: c0f9fb2695ac03e485f65a90c02cf622
      size: 425
    outs:
    - path: data/preprocesed/X_test.csv
      hash: md5
      md5: ea4af18b016253b9f75e780d47fc81c2
      size: 18175
    - path: data/preprocesed/X_train.csv
      hash: md5
      md5: e0bdf1581b82f531e15b3464d4189d7b
      size: 83707
    - path: data/preprocesed/X_val.csv
      hash: md5
      md5: 300770d4442d05f1b065cac7a734054d
      size: 18139
    - path: data/preprocesed/y_test.csv
      hash: md5
      md5: 8f2f5167a23ac8734296f2d3340ff770
      size: 192
    - path: data/preprocesed/y_train.csv
      hash: md5
      md5: 1da28e075f3aa8798461608b643ff976
      size: 879
    - path: data/preprocesed/y_val.csv
      hash: md5
      md5: c63eb493adf0302d6a8e5926bdbae343
      size: 192
    - path: pipelines/preprocesamiento_X.sav
      hash: md5
      md5: 3f79d0da455453b7e5aae0d652680fcd
      size: 4119
    - path: pipelines/preprocesamiento_y.sav
      hash: md5
      md5: 4ee7f2a3ad4a11b01b9b3fa45be59492
      size: 255
  entrenar-modelos:
    cmd: python ./refactoring/entrenarModelos.py
    deps:
    - path: ./refactoring/entrenarModelos.py
      hash: md5
      md5: 8b3837cee61b7462d9f56e1b68624846
      size: 4520
    - path: data/preprocesed/X_test.csv
      hash: md5
      md5: ea4af18b016253b9f75e780d47fc81c2
      size: 18175
    - path: data/preprocesed/y_test.csv
      hash: md5
      md5: 8f2f5167a23ac8734296f2d3340ff770
      size: 192
    - path: refactoring/loadParams.py
      hash: md5
      md5: c0f9fb2695ac03e485f65a90c02cf622
      size: 425
    params:
      params.yaml:
        modelos:
          path: modelos/
          grid_logistico:
          - penalty:
            - l1
            - l2
            - elasticnet
            C:
            - 0.2
            - 3
            - 0.3
            - 0.5
            solver:
            - saga
            - lbfgs
            max_iter:
            - 200
            - 250
            tol:
            - 0.0001
            - 0.001
            multi_class:
            - ovr
            - multinomial
          - penalty:
            - elasticnet
            C:
            - 0.2
            - 3
            - 0.3
            - 0.5
            solver:
            - saga
            l1_ratio:
            - 0
            - 1.6
            class_weight:
            - balanced
          grid_xgboost:
            n_estimators:
            - 100
            - 200
            learning_rate:
            - 0.03
            - 0.05
            max_depth:
            - 2
            - 6
            subsample:
            - 0.6
            - 1
            colsample_bytree:
            - 0.6
            - 1
            min_child_weight:
            - 1
            - 10
            lambda:
            - 1
            - 10
            alpha:
            - 0
            - 10
            use_label_encoder:
            - 'False'
    outs:
    - path: modelos//modeloRegLog.sav
      hash: md5
      md5: eec9ab6486b9ad87e144a75291528bbc
      size: 1643
    - path: modelos//modeloXGBoost.sav
      hash: md5
      md5: d482f6eb5f26758e69c3422e9ae3e2a8
      size: 526261
  evaluar-modelos:
    cmd: python ./refactoring/evaluarModelos.py
    deps:
    - path: data/preprocesed/X_test.csv
      hash: md5
      md5: ea4af18b016253b9f75e780d47fc81c2
      size: 18175
    - path: data/preprocesed/X_train.csv
      hash: md5
      md5: e0bdf1581b82f531e15b3464d4189d7b
      size: 83707
    - path: data/preprocesed/X_val.csv
      hash: md5
      md5: 300770d4442d05f1b065cac7a734054d
      size: 18139
    - path: data/preprocesed/y_test.csv
      hash: md5
      md5: 8f2f5167a23ac8734296f2d3340ff770
      size: 192
    - path: data/preprocesed/y_train.csv
      hash: md5
      md5: 1da28e075f3aa8798461608b643ff976
      size: 879
    - path: data/preprocesed/y_val.csv
      hash: md5
      md5: c63eb493adf0302d6a8e5926bdbae343
      size: 192
    - path: modelos/modeloRegLog.sav
      hash: md5
      md5: eec9ab6486b9ad87e144a75291528bbc
      size: 1643
    - path: modelos/modeloXGBoost.sav
      hash: md5
      md5: d482f6eb5f26758e69c3422e9ae3e2a8
      size: 526261
    - path: pipelines/preprocesamiento_X.sav
      hash: md5
      md5: 3f79d0da455453b7e5aae0d652680fcd
      size: 4119
    - path: pipelines/preprocesamiento_y.sav
      hash: md5
      md5: 4ee7f2a3ad4a11b01b9b3fa45be59492
      size: 255
    - path: refactoring/evaluarModelos.py
      hash: md5
      md5: 8f0a61ee0e04980d03d7cf8c95db8491
      size: 10062
    - path: refactoring/loadParams.py
      hash: md5
      md5: c0f9fb2695ac03e485f65a90c02cf622
      size: 425
    outs:
    - path: docs/confusion_matrixes/LogRegresion_prueba.png
      hash: md5
      md5: 9a33f4677512612da6b1900dca8d3f55
      size: 21400
    - path: docs/confusion_matrixes/XGBoost_prueba.png
      hash: md5
      md5: c3237ea3e14bf22816c0768e9d0f5990
      size: 23052
    - path: metricas.json
      hash: md5
      md5: 89e6ba1f5172bf12652f94631fc4c429
      size: 1161
  pruebas:
    cmd: pytest -s -W ignore
    deps:
    - path: ./refactoring/EDA.py
      hash: md5
      md5: d85834c2c88b76a46569834b61749012
      size: 4622
    - path: ./refactoring/cargarData.py
      hash: md5
      md5: c84cd9a7905ca7e7562f9ab3237bfc7f
      size: 1347
    - path: ./refactoring/loadParams.py
      hash: md5
      md5: c0f9fb2695ac03e485f65a90c02cf622
      size: 425
    - path: ./refactoring/preprocess.py
      hash: md5
      md5: b5cfcb3c4bc5f05403d5a3f4213cf6c4
      size: 5948
    - path: data/base/X_test.csv
      hash: md5
      md5: eef6c7dbcab88cdd047988bdc34db171
      size: 4708
    - path: data/base/X_train.csv
      hash: md5
      md5: cf5d318a0fa40376a7c653e34e809c52
      size: 22824
    - path: data/base/X_val.csv
      hash: md5
      md5: fdfdd17fca7cd7544a3b769926ab21a1
      size: 4892
    - path: data/base/y_test.csv
      hash: md5
      md5: cbc9105a997a0c187974c751aee6261f
      size: 201
    - path: data/base/y_train.csv
      hash: md5
      md5: b41d85a8b547202555d4f30f8fa4152c
      size: 901
    - path: data/base/y_val.csv
      hash: md5
      md5: 575edc265d8f0c7cfe9f7fc2c2d8582c
      size: 201
    - path: data/download//cirrhosis.csv
      hash: md5
      md5: 230a3916291af39603e89042463349ef
      size: 32279
    - path: data/preprocesed/X_test.csv
      hash: md5
      md5: ea4af18b016253b9f75e780d47fc81c2
      size: 18175
    - path: data/preprocesed/X_train.csv
      hash: md5
      md5: e0bdf1581b82f531e15b3464d4189d7b
      size: 83707
    - path: data/preprocesed/X_val.csv
      hash: md5
      md5: 300770d4442d05f1b065cac7a734054d
      size: 18139
    - path: data/preprocesed/y_test.csv
      hash: md5
      md5: 8f2f5167a23ac8734296f2d3340ff770
      size: 192
    - path: data/preprocesed/y_train.csv
      hash: md5
      md5: 1da28e075f3aa8798461608b643ff976
      size: 879
    - path: data/preprocesed/y_val.csv
      hash: md5
      md5: c63eb493adf0302d6a8e5926bdbae343
      size: 192
    - path: modelos/modeloRegLog.sav
      hash: md5
      md5: eec9ab6486b9ad87e144a75291528bbc
      size: 1643
    - path: modelos/modeloXGBoost.sav
      hash: md5
      md5: d482f6eb5f26758e69c3422e9ae3e2a8
      size: 526261
    - path: pipelines/preprocesamiento_X.sav
      hash: md5
      md5: 3f79d0da455453b7e5aae0d652680fcd
      size: 4119
    - path: pipelines/preprocesamiento_y.sav
      hash: md5
      md5: 4ee7f2a3ad4a11b01b9b3fa45be59492
      size: 255
    - path: refactoring/cargarData.py
      hash: md5
      md5: c84cd9a7905ca7e7562f9ab3237bfc7f
      size: 1347
    - path: refactoring/test_feature_engeneering.py
      hash: md5
      md5: 1cc30349378f1ed07753ecd51d341fae
      size: 1296
    - path: refactoring/test_inputData.py
      hash: md5
      md5: bf7faddf0c7a512bc48d12a1d5072b5c
      size: 744
    - path: refactoring/test_model_quality.py
      hash: md5
      md5: cec4fefedb72a309901574be9f8dbfbb
      size: 1640
    - path: refactoring/test_model_settings.py
      hash: md5
      md5: 5070bee2aa8afe4b1cc68163388bf828
      size: 1781
