schema: '2.0'
stages:
  download_data:
    cmd: py ./refactoring/descargarDatadeZipACSV.py 
      https://archive.ics.uci.edu/static/public/878/cirrhosis+patient+survival+prediction+dataset-1.zip
      data/download cirrhosis.zip
    deps:
    - path: refactoring/descargarDatadeZipACSV.py
      hash: md5
      md5: 2fcb0c4ac3f5bf742f33d035c6c80fba
      size: 787
    outs:
    - path: data/download/cirrhosis.csv
      hash: md5
      md5: 230a3916291af39603e89042463349ef
      size: 31860
  load_Data:
    cmd: py ./refactoring/cargarData.py data/download/cirrhosis.csv data/base/cirrhosis.csv
    deps:
    - path: ./refactoring/EDA.py
      hash: md5
      md5: f460a2a207c714768cb0fc5e6d6ffd74
      size: 2731
    - path: ./refactoring/cargarData.py
      hash: md5
      md5: 729aafb23effa5631ee7627ad189118a
      size: 302
    - path: data/download/cirrhosis.csv
      hash: md5
      md5: 230a3916291af39603e89042463349ef
      size: 31860
    outs:
    - path: data/base/cirrhosis.csv
      hash: md5
      md5: 3c8f5d7d2d2d9c2b9c258b500705e11c
      size: 34561
  split_Data:
    cmd: py ./refactoring/splitData.py data/base/cirrhosis.csv data/base/
    deps:
    - path: ./refactoring/EDA.py
      hash: md5
      md5: f460a2a207c714768cb0fc5e6d6ffd74
      size: 2731
    - path: ./refactoring/splitData.py
      hash: md5
      md5: 6361b3454f019ef34b34d5ab5c5bc7b4
      size: 1734
    - path: data/base/cirrhosis.csv
      hash: md5
      md5: 3c8f5d7d2d2d9c2b9c258b500705e11c
      size: 34561
    outs:
    - path: data/base/X_test.csv
      hash: md5
      md5: eef6c7dbcab88cdd047988bdc34db171
      size: 4708
    - path: data/base/X_train.csv
      hash: md5
      md5: cf5d318a0fa40376a7c653e34e809c52
      size: 22824
    - path: data/base/X_val.csv
      hash: md5
      md5: fdfdd17fca7cd7544a3b769926ab21a1
      size: 4892
    - path: data/base/y_test.csv
      hash: md5
      md5: cbc9105a997a0c187974c751aee6261f
      size: 201
    - path: data/base/y_train.csv
      hash: md5
      md5: b41d85a8b547202555d4f30f8fa4152c
      size: 901
    - path: data/base/y_val.csv
      hash: md5
      md5: 575edc265d8f0c7cfe9f7fc2c2d8582c
      size: 201
  pre_process:
    cmd: py ./refactoring/preprocess.py data/base/ data/preprocesed/
    deps:
    - path: ./refactoring/preprocess.py
      hash: md5
      md5: da148876582e67a57ea830b1da7a3dfc
      size: 3214
    - path: data/base/X_test.csv
      hash: md5
      md5: eef6c7dbcab88cdd047988bdc34db171
      size: 4708
    - path: data/base/X_train.csv
      hash: md5
      md5: cf5d318a0fa40376a7c653e34e809c52
      size: 22824
    - path: data/base/X_val.csv
      hash: md5
      md5: fdfdd17fca7cd7544a3b769926ab21a1
      size: 4892
    - path: data/base/y_test.csv
      hash: md5
      md5: cbc9105a997a0c187974c751aee6261f
      size: 201
    - path: data/base/y_train.csv
      hash: md5
      md5: b41d85a8b547202555d4f30f8fa4152c
      size: 901
    - path: data/base/y_val.csv
      hash: md5
      md5: 575edc265d8f0c7cfe9f7fc2c2d8582c
      size: 201
    outs:
    - path: data/preprocesed/X_test.csv
      hash: md5
      md5: e0bdf1581b82f531e15b3464d4189d7b
      size: 83707
    - path: data/preprocesed/X_train.csv
      hash: md5
      md5: e0bdf1581b82f531e15b3464d4189d7b
      size: 83707
    - path: data/preprocesed/X_val.csv
      hash: md5
      md5: 300770d4442d05f1b065cac7a734054d
      size: 18139
    - path: data/preprocesed/y_test.csv
      hash: md5
      md5: 1da28e075f3aa8798461608b643ff976
      size: 879
    - path: data/preprocesed/y_train.csv
      hash: md5
      md5: 1da28e075f3aa8798461608b643ff976
      size: 879
    - path: data/preprocesed/y_val.csv
      hash: md5
      md5: c63eb493adf0302d6a8e5926bdbae343
      size: 192
  entrenar-modelos:
    cmd: py ./refactoring/entrenarModelos.py data/preprocesed/ modelos/
    deps:
    - path: ./refactoring/entrenarModelos.py
      hash: md5
      md5: b55ff1d9c8046a5890c1a0a7f2f2c96c
      size: 1925
    - path: data/preprocesed/X_test.csv
      hash: md5
      md5: e0bdf1581b82f531e15b3464d4189d7b
      size: 83707
    - path: data/preprocesed/y_test.csv
      hash: md5
      md5: 1da28e075f3aa8798461608b643ff976
      size: 879
    outs:
    - path: modelos/modeloRegLog.sav
      hash: md5
      md5: e2e4839259d7c83067cccc78ac2e0840
      size: 1625
    - path: modelos/modeloXGBoost.sav
      hash: md5
      md5: edb789df4281acda16f195e1fad6da98
      size: 162546
  evaluar-modelos:
    cmd: py ./refactoring/evaluarModelos.py data/preprocesed/ modelos/
    deps:
    - path: data/preprocesed/X_test.csv
      hash: md5
      md5: e0bdf1581b82f531e15b3464d4189d7b
      size: 83707
    - path: data/preprocesed/X_train.csv
      hash: md5
      md5: e0bdf1581b82f531e15b3464d4189d7b
      size: 83707
    - path: data/preprocesed/X_val.csv
      hash: md5
      md5: 300770d4442d05f1b065cac7a734054d
      size: 18139
    - path: data/preprocesed/y_test.csv
      hash: md5
      md5: 1da28e075f3aa8798461608b643ff976
      size: 879
    - path: data/preprocesed/y_train.csv
      hash: md5
      md5: 1da28e075f3aa8798461608b643ff976
      size: 879
    - path: data/preprocesed/y_val.csv
      hash: md5
      md5: c63eb493adf0302d6a8e5926bdbae343
      size: 192
    - path: modelos/modeloRegLog.sav
      hash: md5
      md5: e2e4839259d7c83067cccc78ac2e0840
      size: 1625
    - path: modelos/modeloXGBoost.sav
      hash: md5
      md5: edb789df4281acda16f195e1fad6da98
      size: 162546
    - path: modelos/modeloXGBoost.sav
      hash: md5
      md5: edb789df4281acda16f195e1fad6da98
      size: 162546
